// !$*UTF8*$!
{
	archiveVersion = 1;
	classes = {
	};
	objectVersion = 46;
	objects = {

/* Begin PBXBuildFile section */
		A25B611C1D04D3E600A7E275 /* AppDelegate.swift in Sources */ = {isa = PBXBuildFile; fileRef = A25B611B1D04D3E600A7E275 /* AppDelegate.swift */; };
		A25B611E1D04D3E600A7E275 /* ViewController.swift in Sources */ = {isa = PBXBuildFile; fileRef = A25B611D1D04D3E600A7E275 /* ViewController.swift */; };
		A25B61211D04D3E600A7E275 /* Main.storyboard in Resources */ = {isa = PBXBuildFile; fileRef = A25B611F1D04D3E600A7E275 /* Main.storyboard */; };
		A25B61231D04D3E600A7E275 /* Assets.xcassets in Resources */ = {isa = PBXBuildFile; fileRef = A25B61221D04D3E600A7E275 /* Assets.xcassets */; };
		A25B61261D04D3E600A7E275 /* LaunchScreen.storyboard in Resources */ = {isa = PBXBuildFile; fileRef = A25B61241D04D3E600A7E275 /* LaunchScreen.storyboard */; };
		A25B61311D04D3E600A7E275 /* pokedex1Tests.swift in Sources */ = {isa = PBXBuildFile; fileRef = A25B61301D04D3E600A7E275 /* pokedex1Tests.swift */; };
		A25B613C1D04D67500A7E275 /* pokemon.csv in Resources */ = {isa = PBXBuildFile; fileRef = A25B613B1D04D67500A7E275 /* pokemon.csv */; };
		A25B613F1D054C0100A7E275 /* Pokemon.swift in Sources */ = {isa = PBXBuildFile; fileRef = A25B613E1D054C0100A7E275 /* Pokemon.swift */; };
		A2B091551D08B2AC00B2371D /* PokeCell.swift in Sources */ = {isa = PBXBuildFile; fileRef = A2B091541D08B2AC00B2371D /* PokeCell.swift */; };
		A2F299AB1D0C407700ED9ED8 /* csv.swift in Sources */ = {isa = PBXBuildFile; fileRef = A2F299AA1D0C407700ED9ED8 /* csv.swift */; };
/* End PBXBuildFile section */

/* Begin PBXContainerItemProxy section */
		A25B612D1D04D3E600A7E275 /* PBXContainerItemProxy */ = {
			isa = PBXContainerItemProxy;
			containerPortal = A25B61101D04D3E600A7E275 /* Project object */;
			proxyType = 1;
			remoteGlobalIDString = A25B61171D04D3E600A7E275;
			remoteInfo = pokedex1;
		};
/* End PBXContainerItemProxy section */

/* Begin PBXFileReference section */
		A25B61181D04D3E600A7E275 /* pokedex1.app */ = {isa = PBXFileReference; explicitFileType = wrapper.application; includeInIndex = 0; path = pokedex1.app; sourceTree = BUILT_PRODUCTS_DIR; };
		A25B611B1D04D3E600A7E275 /* AppDelegate.swift */ = {isa = PBXFileReference; lastKnownFileType = sourcecode.swift; path = AppDelegate.swift; sourceTree = "<group>"; };
		A25B611D1D04D3E600A7E275 /* ViewController.swift */ = {isa = PBXFileReference; lastKnownFileType = sourcecode.swift; path = ViewController.swift; sourceTree = "<group>"; };
		A25B61201D04D3E600A7E275 /* Base */ = {isa = PBXFileReference; lastKnownFileType = file.storyboard; name = Base; path = Base.lproj/Main.storyboard; sourceTree = "<group>"; };
		A25B61221D04D3E600A7E275 /* Assets.xcassets */ = {isa = PBXFileReference; lastKnownFileType = folder.assetcatalog; path = Assets.xcassets; sourceTree = "<group>"; };
		A25B61251D04D3E600A7E275 /* Base */ = {isa = PBXFileReference; lastKnownFileType = file.storyboard; name = Base; path = Base.lproj/LaunchScreen.storyboard; sourceTree = "<group>"; };
		A25B61271D04D3E600A7E275 /* Info.plist */ = {isa = PBXFileReference; lastKnownFileType = text.plist.xml; path = Info.plist; sourceTree = "<group>"; };
		A25B612C1D04D3E600A7E275 /* pokedex1Tests.xctest */ = {isa = PBXFileReference; explicitFileType = wrapper.cfbundle; includeInIndex = 0; path = pokedex1Tests.xctest; sourceTree = BUILT_PRODUCTS_DIR; };
		A25B61301D04D3E600A7E275 /* pokedex1Tests.swift */ = {isa = PBXFileReference; lastKnownFileType = sourcecode.swift; path = pokedex1Tests.swift; sourceTree = "<group>"; };
		A25B61321D04D3E600A7E275 /* Info.plist */ = {isa = PBXFileReference; lastKnownFileType = text.plist.xml; path = Info.plist; sourceTree = "<group>"; };
		A25B613B1D04D67500A7E275 /* pokemon.csv */ = {isa = PBXFileReference; fileEncoding = 4; lastKnownFileType = text; path = pokemon.csv; sourceTree = "<group>"; };
		A25B613E1D054C0100A7E275 /* Pokemon.swift */ = {isa = PBXFileReference; fileEncoding = 4; lastKnownFileType = sourcecode.swift; path = Pokemon.swift; sourceTree = "<group>"; };
		A2B091541D08B2AC00B2371D /* PokeCell.swift */ = {isa = PBXFileReference; fileEncoding = 4; lastKnownFileType = sourcecode.swift; path = PokeCell.swift; sourceTree = "<group>"; };
		A2F299AA1D0C407700ED9ED8 /* csv.swift */ = {isa = PBXFileReference; fileEncoding = 4; lastKnownFileType = sourcecode.swift; path = csv.swift; sourceTree = "<group>"; };
/* End PBXFileReference section */

/* Begin PBXFrameworksBuildPhase section */
		A25B61151D04D3E600A7E275 /* Frameworks */ = {
			isa = PBXFrameworksBuildPhase;
			buildActionMask = 2147483647;
			files = (
			);
			runOnlyForDeploymentPostprocessing = 0;
		};
		A25B61291D04D3E600A7E275 /* Frameworks */ = {
			isa = PBXFrameworksBuildPhase;
			buildActionMask = 2147483647;
			files = (
			);
			runOnlyForDeploymentPostprocessing = 0;
		};
/* End PBXFrameworksBuildPhase section */

/* Begin PBXGroup section */
		A25B610F1D04D3E600A7E275 = {
			isa = PBXGroup;
			children = (
				A25B611A1D04D3E600A7E275 /* pokedex1 */,
				A25B612F1D04D3E600A7E275 /* pokedex1Tests */,
				A25B61191D04D3E600A7E275 /* Products */,
			);
			sourceTree = "<group>";
		};
		A25B61191D04D3E600A7E275 /* Products */ = {
			isa = PBXGroup;
			children = (
				A25B61181D04D3E600A7E275 /* pokedex1.app */,
				A25B612C1D04D3E600A7E275 /* pokedex1Tests.xctest */,
			);
			name = Products;
			sourceTree = "<group>";
		};
		A25B611A1D04D3E600A7E275 /* pokedex1 */ = {
			isa = PBXGroup;
			children = (
				A25B613D1D054BEA00A7E275 /* Model */,
				A2B091531D08B1E600B2371D /* View */,
				A2F299AC1D0C40D100ED9ED8 /* Controller */,
				A2F299AD1D0C40DA00ED9ED8 /* Resources */,
				A2F299AE1D0C40E300ED9ED8 /* Util */,
				A25B611B1D04D3E600A7E275 /* AppDelegate.swift */,
				A25B611F1D04D3E600A7E275 /* Main.storyboard */,
				A25B61221D04D3E600A7E275 /* Assets.xcassets */,
				A25B61241D04D3E600A7E275 /* LaunchScreen.storyboard */,
				A25B61271D04D3E600A7E275 /* Info.plist */,
			);
			path = pokedex1;
			sourceTree = "<group>";
		};
		A25B612F1D04D3E600A7E275 /* pokedex1Tests */ = {
			isa = PBXGroup;
			children = (
				A25B61301D04D3E600A7E275 /* pokedex1Tests.swift */,
				A25B61321D04D3E600A7E275 /* Info.plist */,
			);
			path = pokedex1Tests;
			sourceTree = "<group>";
		};
		A25B613D1D054BEA00A7E275 /* Model */ = {
			isa = PBXGroup;
			children = (
				A25B613E1D054C0100A7E275 /* Pokemon.swift */,
			);
			name = Model;
			sourceTree = "<group>";
		};
		A2B091531D08B1E600B2371D /* View */ = {
			isa = PBXGroup;
			children = (
				A2B091541D08B2AC00B2371D /* PokeCell.swift */,
			);
			name = View;
			sourceTree = "<group>";
		};
		A2F299AC1D0C40D100ED9ED8 /* Controller */ = {
			isa = PBXGroup;
			children = (
				A25B611D1D04D3E600A7E275 /* ViewController.swift */,
			);
			name = Controller;
			sourceTree = "<group>";
		};
		A2F299AD1D0C40DA00ED9ED8 /* Resources */ = {
			isa = PBXGroup;
			children = (
				A25B613B1D04D67500A7E275 /* pokemon.csv */,
			);
			name = Resources;
			sourceTree = "<group>";
		};
		A2F299AE1D0C40E300ED9ED8 /* Util */ = {
			isa = PBXGroup;
			children = (
				A2F299AA1D0C407700ED9ED8 /* csv.swift */,
			);
			name = Util;
			sourceTree = "<group>";
		};
/* End PBXGroup section */

/* Begin PBXNativeTarget section */
		A25B61171D04D3E600A7E275 /* pokedex1 */ = {
			isa = PBXNativeTarget;
			buildConfigurationList = A25B61351D04D3E600A7E275 /* Build configuration list for PBXNativeTarget "pokedex1" */;
			buildPhases = (
				A25B61141D04D3E600A7E275 /* Sources */,
				A25B61151D04D3E600A7E275 /* Frameworks */,
				A25B61161D04D3E600A7E275 /* Resources */,
			);
			buildRules = (
			);
			dependencies = (
			);
			name = pokedex1;
			productName = pokedex1;
			productReference = A25B61181D04D3E600A7E275 /* pokedex1.app */;
			productType = "com.apple.product-type.application";
		};
		A25B612B1D04D3E600A7E275 /* pokedex1Tests */ = {
			isa = PBXNativeTarget;
			buildConfigurationList = A25B61381D04D3E600A7E275 /* Build configuration list for PBXNativeTarget "pokedex1Tests" */;
			buildPhases = (
				A25B61281D04D3E600A7E275 /* Sources */,
				A25B61291D04D3E600A7E275 /* Frameworks */,
				A25B612A1D04D3E600A7E275 /* Resources */,
			);
			buildRules = (
			);
			dependencies = (
				A25B612E1D04D3E600A7E275 /* PBXTargetDependency */,
			);
			name = pokedex1Tests;
			productName = pokedex1Tests;
			productReference = A25B612C1D04D3E600A7E275 /* pokedex1Tests.xctest */;
			productType = "com.apple.product-type.bundle.unit-test";
		};
/* End PBXNativeTarget section */

/* Begin PBXProject section */
		A25B61101D04D3E600A7E275 /* Project object */ = {
			isa = PBXProject;
			attributes = {
				LastSwiftUpdateCheck = 0730;
				LastUpgradeCheck = 0730;
				ORGANIZATIONNAME = "Aleksandr Vladimirovich";
				TargetAttributes = {
					A25B61171D04D3E600A7E275 = {
						CreatedOnToolsVersion = 7.3.1;
						DevelopmentTeam = M6L7546G5S;
					};
					A25B612B1D04D3E600A7E275 = {
						CreatedOnToolsVersion = 7.3.1;
						DevelopmentTeam = M6L7546G5S;
						TestTargetID = A25B61171D04D3E600A7E275;
					};
				};
			};
			buildConfigurationList = A25B61131D04D3E600A7E275 /* Build configuration list for PBXProject "pokedex1" */;
			compatibilityVersion = "Xcode 3.2";
			developmentRegion = English;
			hasScannedForEncodings = 0;
			knownRegions = (
				en,
				Base,
			);
			mainGroup = A25B610F1D04D3E600A7E275;
			productRefGroup = A25B61191D04D3E600A7E275 /* Products */;
			projectDirPath = "";
			projectRoot = "";
			targets = (
				A25B61171D04D3E600A7E275 /* pokedex1 */,
				A25B612B1D04D3E600A7E275 /* pokedex1Tests */,
			);
		};
/* End PBXProject section */

/* Begin PBXResourcesBuildPhase section */
		A25B61161D04D3E600A7E275 /* Resources */ = {
			isa = PBXResourcesBuildPhase;
			buildActionMask = 2147483647;
			files = (
				A25B61261D04D3E600A7E275 /* LaunchScreen.storyboard in Resources */,
				A25B61231D04D3E600A7E275 /* Assets.xcassets in Resources */,
				A25B613C1D04D67500A7E275 /* pokemon.csv in Resources */,
				A25B61211D04D3E600A7E275 /* Main.storyboard in Resources */,
			);
			runOnlyForDeploymentPostprocessing = 0;
		};
		A25B612A1D04D3E600A7E275 /* Resources */ = {
			isa = PBXResourcesBuildPhase;
			buildActionMask = 2147483647;
			files = (
			);
			runOnlyForDeploymentPostprocessing = 0;
		};
/* End PBXResourcesBuildPhase section */

/* Begin PBXSourcesBuildPhase section */
		A25B61141D04D3E600A7E275 /* Sources */ = {
			isa = PBXSourcesBuildPhase;
			buildActionMask = 2147483647;
			files = (
				A2B091551D08B2AC00B2371D /* PokeCell.swift in Sources */,
				A25B611E1D04D3E600A7E275 /* ViewController.swift in Sources */,
				A25B611C1D04D3E600A7E275 /* AppDelegate.swift in Sources */,
				A25B613F1D054C0100A7E275 /* Pokemon.swift in Sources */,
				A2F299AB1D0C407700ED9ED8 /* csv.swift in Sources */,
			);
			runOnlyForDeploymentPostprocessing = 0;
		};
		A25B61281D04D3E600A7E275 /* Sources */ = {
			isa = PBXSourcesBuildPhase;
			buildActionMask = 2147483647;
			files = (
				A25B61311D04D3E600A7E275 /* pokedex1Tests.swift in Sources */,
			);
			runOnlyForDeploymentPostprocessing = 0;
		};
/* End PBXSourcesBuildPhase section */

/* Begin PBXTargetDependency section */
		A25B612E1D04D3E600A7E275 /* PBXTargetDependency */ = {
			isa = PBXTargetDependency;
			target = A25B61171D04D3E600A7E275 /* pokedex1 */;
			targetProxy = A25B612D1D04D3E600A7E275 /* PBXContainerItemProxy */;
		};
/* End PBXTargetDependency section */

/* Begin PBXVariantGroup section */
		A25B611F1D04D3E600A7E275 /* Main.storyboard */ = {
			isa = PBXVariantGroup;
			children = (
				A25B61201D04D3E600A7E275 /* Base */,
			);
			name = Main.storyboard;
			sourceTree = "<group>";
		};
		A25B61241D04D3E600A7E275 /* LaunchScreen.storyboard */ = {
			isa = PBXVariantGroup;
			children = (
				A25B61251D04D3E600A7E275 /* Base */,
			);
			name = LaunchScreen.storyboard;
			sourceTree = "<group>";
		};
/* End PBXVariantGroup section */

/* Begin XCBuildConfiguration section */
		A25B61331D04D3E600A7E275 /* Debug */ = {
			isa = XCBuildConfiguration;
			buildSettings = {
				ALWAYS_SEARCH_USER_PATHS = NO;
				CLANG_ANALYZER_NONNULL = YES;
				CLANG_CXX_LANGUAGE_STANDARD = "gnu++0x";
				CLANG_CXX_LIBRARY = "libc++";
				CLANG_ENABLE_MODULES = YES;
				CLANG_ENABLE_OBJC_ARC = YES;
				CLANG_WARN_BOOL_CONVERSION = YES;
				CLANG_WARN_CONSTANT_CONVERSION = YES;
				CLANG_WARN_DIRECT_OBJC_ISA_USAGE = YES_ERROR;
				CLANG_WARN_EMPTY_BODY = YES;
				CLANG_WARN_ENUM_CONVERSION = YES;
				CLANG_WARN_INT_CONVERSION = YES;
				CLANG_WARN_OBJC_ROOT_CLASS = YES_ERROR;
				CLANG_WARN_UNREACHABLE_CODE = YES;
				CLANG_WARN__DUPLICATE_METHOD_MATCH = YES;
				"CODE_SIGN_IDENTITY[sdk=iphoneos*]" = "iPhone Developer";
				COPY_PHASE_STRIP = NO;
				DEBUG_INFORMATION_FORMAT = dwarf;
				ENABLE_STRICT_OBJC_MSGSEND = YES;
				ENABLE_TESTABILITY = YES;
				GCC_C_LANGUAGE_STANDARD = gnu99;
				GCC_DYNAMIC_NO_PIC = NO;
				GCC_NO_COMMON_BLOCKS = YES;
				GCC_OPTIMIZATION_LEVEL = 0;
				GCC_PREPROCESSOR_DEFINITIONS = (
					"DEBUG=1",
					"$(inherited)",
				);
				GCC_WARN_64_TO_32_BIT_CONVERSION = YES;
				GCC_WARN_ABOUT_RETURN_TYPE = YES_ERROR;
				GCC_WARN_UNDECLARED_SELECTOR = YES;
				GCC_WARN_UNINITIALIZED_AUTOS = YES_AGGRESSIVE;
				GCC_WARN_UNUSED_FUNCTION = YES;
				GCC_WARN_UNUSED_VARIABLE = YES;
				IPHONEOS_DEPLOYMENT_TARGET = 9.3;
				MTL_ENABLE_DEBUG_INFO = YES;
				ONLY_ACTIVE_ARCH = YES;
				SDKROOT = iphoneos;
				SWIFT_OPTIMIZATION_LEVEL = "-Onone";
				TARGETED_DEVICE_FAMILY = "1,2";
			};
			name = Debug;
		};
		A25B61341D04D3E600A7E275 /* Release */ = {
			isa = XCBuildConfiguration;
			buildSettings = {
				ALWAYS_SEARCH_USER_PATHS = NO;
				CLANG_ANALYZER_NONNULL = YES;
				CLANG_CXX_LANGUAGE_STANDARD = "gnu++0x";
				CLANG_CXX_LIBRARY = "libc++";
				CLANG_ENABLE_MODULES = YES;
				CLANG_ENABLE_OBJC_ARC = YES;
				CLANG_WARN_BOOL_CONVERSION = YES;
				CLANG_WARN_CONSTANT_CONVERSION = YES;
				CLANG_WARN_DIRECT_OBJC_ISA_USAGE = YES_ERROR;
				CLANG_WARN_EMPTY_BODY = YES;
				CLANG_WARN_ENUM_CONVERSION = YES;
				CLANG_WARN_INT_CONVERSION = YES;
				CLANG_WARN_OBJC_ROOT_CLASS = YES_ERROR;
				CLANG_WARN_UNREACHABLE_CODE = YES;
				CLANG_WARN__DUPLICATE_METHOD_MATCH = YES;
				"CODE_SIGN_IDENTITY[sdk=iphoneos*]" = "iPhone Developer";
				COPY_PHASE_STRIP = NO;
				DEBUG_INFORMATION_FORMAT = "dwarf-with-dsym";
				ENABLE_NS_ASSERTIONS = NO;
				ENABLE_STRICT_OBJC_MSGSEND = YES;
				GCC_C_LANGUAGE_STANDARD = gnu99;
				GCC_NO_COMMON_BLOCKS = YES;
				GCC_WARN_64_TO_32_BIT_CONVERSION = YES;
				GCC_WARN_ABOUT_RETURN_TYPE = YES_ERROR;
				GCC_WARN_UNDECLARED_SELECTOR = YES;
				GCC_WARN_UNINITIALIZED_AUTOS = YES_AGGRESSIVE;
				GCC_WARN_UNUSED_FUNCTION = YES;
				GCC_WARN_UNUSED_VARIABLE = YES;
				IPHONEOS_DEPLOYMENT_TARGET = 9.3;
				MTL_ENABLE_DEBUG_INFO = NO;
				SDKROOT = iphoneos;
				TARGETED_DEVICE_FAMILY = "1,2";
				VALIDATE_PRODUCT = YES;
			};
			name = Release;
		};
		A25B61361D04D3E600A7E275 /* Debug */ = {
			isa = XCBuildConfiguration;
			buildSettings = {
				ASSETCATALOG_COMPILER_APPICON_NAME = AppIcon;
				INFOPLIST_FILE = pokedex1/Info.plist;
				LD_RUNPATH_SEARCH_PATHS = "$(inherited) @executable_path/Frameworks";
				PRODUCT_BUNDLE_IDENTIFIER = com.example.pokedex1;
				PRODUCT_NAME = "$(TARGET_NAME)";
			};
			name = Debug;
		};
		A25B61371D04D3E600A7E275 /* Release */ = {
			isa = XCBuildConfiguration;
			buildSettings = {
				ASSETCATALOG_COMPILER_APPICON_NAME = AppIcon;
				INFOPLIST_FILE = pokedex1/Info.plist;
				LD_RUNPATH_SEARCH_PATHS = "$(inherited) @executable_path/Frameworks";
				PRODUCT_BUNDLE_IDENTIFIER = com.example.pokedex1;
				PRODUCT_NAME = "$(TARGET_NAME)";
			};
			name = Release;
		};
		A25B61391D04D3E600A7E275 /* Debug */ = {
			isa = XCBuildConfiguration;
			buildSettings = {
				BUNDLE_LOADER = "$(TEST_HOST)";
				INFOPLIST_FILE = pokedex1Tests/Info.plist;
				LD_RUNPATH_SEARCH_PATHS = "$(inherited) @executable_path/Frameworks @loader_path/Frameworks";
				PRODUCT_BUNDLE_IDENTIFIER = com.example.pokedex1Tests;
				PRODUCT_NAME = "$(TARGET_NAME)";
				TEST_HOST = "$(BUILT_PRODUCTS_DIR)/pokedex1.app/pokedex1";
			};
			name = Debug;
		};
		A25B613A1D04D3E600A7E275 /* Release */ = {
			isa = XCBuildConfiguration;
			buildSettings = {
				BUNDLE_LOADER = "$(TEST_HOST)";
				INFOPLIST_FILE = pokedex1Tests/Info.plist;
				LD_RUNPATH_SEARCH_PATHS = "$(inherited) @executable_path/Frameworks @loader_path/Frameworks";
				PRODUCT_BUNDLE_IDENTIFIER = com.example.pokedex1Tests;
				PRODUCT_NAME = "$(TARGET_NAME)";
				TEST_HOST = "$(BUILT_PRODUCTS_DIR)/pokedex1.app/pokedex1";
			};
			name = Release;
		};
/* End XCBuildConfiguration section */

/* Begin XCConfigurationList section */
		A25B61131D04D3E600A7E275 /* Build configuration list for PBXProject "pokedex1" */ = {
			isa = XCConfigurationList;
			buildConfigurations = (
				A25B61331D04D3E600A7E275 /* Debug */,
				A25B61341D04D3E600A7E275 /* Release */,
			);
			defaultConfigurationIsVisible = 0;
			defaultConfigurationName = Release;
		};
		A25B61351D04D3E600A7E275 /* Build configuration list for PBXNativeTarget "pokedex1" */ = {
			isa = XCConfigurationList;
			buildConfigurations = (
				A25B61361D04D3E600A7E275 /* Debug */,
				A25B61371D04D3E600A7E275 /* Release */,
			);
			defaultConfigurationIsVisible = 0;
			defaultConfigurationName = Release;
		};
		A25B61381D04D3E600A7E275 /* Build configuration list for PBXNativeTarget "pokedex1Tests" */ = {
			isa = XCConfigurationList;
			buildConfigurations = (
				A25B61391D04D3E600A7E275 /* Debug */,
				A25B613A1D04D3E600A7E275 /* Release */,
			);
			defaultConfigurationIsVisible = 0;
			defaultConfigurationName = Release;
		};
/* End XCConfigurationList section */
	};
	rootObject = A25B61101D04D3E600A7E275 /* Project object */;
}
